
Microsoft Visual Studio Solution File, Format Version 12.00
# Visual Studio Version 17
VisualStudioVersion = 17.7.34031.279
MinimumVisualStudioVersion = 10.0.40219.1
Project("{8BC9CEB8-8B4A-11D0-8D11-00A0C91BC942}") = "Project6_1(iter)", "Project6_1(iter)\Project6_1(iter).vcxproj", "{81107B3B-BAC2-490E-BED2-723706F18B30}"
EndProject
Project("{8BC9CEB8-8B4A-11D0-8D11-00A0C91BC942}") = "UnitTest6_1iter", "UnitTest6_1iter\UnitTest6_1iter.vcxproj", "{B711F512-EA71-414A-99C1-689404BCF1EA}"
EndProject
Global
	GlobalSection(SolutionConfigurationPlatforms) = preSolution
		Debug|x64 = Debug|x64
		Debug|x86 = Debug|x86
		Release|x64 = Release|x64
		Release|x86 = Release|x86
	EndGlobalSection
	GlobalSection(ProjectConfigurationPlatforms) = postSolution
		{81107B3B-BAC2-490E-BED2-723706F18B30}.Debug|x64.ActiveCfg = Debug|x64
		{81107B3B-BAC2-490E-BED2-723706F18B30}.Debug|x64.Build.0 = Debug|x64
		{81107B3B-BAC2-490E-BED2-723706F18B30}.Debug|x86.ActiveCfg = Debug|Win32
		{81107B3B-BAC2-490E-BED2-723706F18B30}.Debug|x86.Build.0 = Debug|Win32
		{81107B3B-BAC2-490E-BED2-723706F18B30}.Release|x64.ActiveCfg = Release|x64
		{81107B3B-BAC2-490E-BED2-723706F18B30}.Release|x64.Build.0 = Release|x64
		{81107B3B-BAC2-490E-BED2-723706F18B30}.Release|x86.ActiveCfg = Release|Win32
		{81107B3B-BAC2-490E-BED2-723706F18B30}.Release|x86.Build.0 = Release|Win32
		{B711F512-EA71-414A-99C1-689404BCF1EA}.Debug|x64.ActiveCfg = Debug|x64
		{B711F512-EA71-414A-99C1-689404BCF1EA}.Debug|x64.Build.0 = Debug|x64
		{B711F512-EA71-414A-99C1-689404BCF1EA}.Debug|x86.ActiveCfg = Debug|Win32
		{B711F512-EA71-414A-99C1-689404BCF1EA}.Debug|x86.Build.0 = Debug|Win32
		{B711F512-EA71-414A-99C1-689404BCF1EA}.Release|x64.ActiveCfg = Release|x64
		{B711F512-EA71-414A-99C1-689404BCF1EA}.Release|x64.Build.0 = Release|x64
		{B711F512-EA71-414A-99C1-689404BCF1EA}.Release|x86.ActiveCfg = Release|Win32
		{B711F512-EA71-414A-99C1-689404BCF1EA}.Release|x86.Build.0 = Release|Win32
	EndGlobalSection
	GlobalSection(SolutionProperties) = preSolution
		HideSolutionNode = FALSE
	EndGlobalSection
	GlobalSection(ExtensibilityGlobals) = postSolution
		SolutionGuid = {F2F124F3-C5F5-4E17-A447-BFCAF8F226D2}
	EndGlobalSection
EndGlobal
