
Microsoft Visual Studio Solution File, Format Version 12.00
# Visual Studio Version 17
VisualStudioVersion = 17.7.34031.279
MinimumVisualStudioVersion = 10.0.40219.1
Project("{8BC9CEB8-8B4A-11D0-8D11-00A0C91BC942}") = "Project6_1(rec)", "Project6_1(rec)\Project6_1(rec).vcxproj", "{D539FD2A-B52D-4481-9D1E-94502CB376DE}"
EndProject
Project("{8BC9CEB8-8B4A-11D0-8D11-00A0C91BC942}") = "UnitTest6_1rec", "UnitTest6_1rec\UnitTest6_1rec.vcxproj", "{650DA429-FE22-4F09-A044-CF056474AE33}"
EndProject
Global
	GlobalSection(SolutionConfigurationPlatforms) = preSolution
		Debug|x64 = Debug|x64
		Debug|x86 = Debug|x86
		Release|x64 = Release|x64
		Release|x86 = Release|x86
	EndGlobalSection
	GlobalSection(ProjectConfigurationPlatforms) = postSolution
		{D539FD2A-B52D-4481-9D1E-94502CB376DE}.Debug|x64.ActiveCfg = Debug|x64
		{D539FD2A-B52D-4481-9D1E-94502CB376DE}.Debug|x64.Build.0 = Debug|x64
		{D539FD2A-B52D-4481-9D1E-94502CB376DE}.Debug|x86.ActiveCfg = Debug|Win32
		{D539FD2A-B52D-4481-9D1E-94502CB376DE}.Debug|x86.Build.0 = Debug|Win32
		{D539FD2A-B52D-4481-9D1E-94502CB376DE}.Release|x64.ActiveCfg = Release|x64
		{D539FD2A-B52D-4481-9D1E-94502CB376DE}.Release|x64.Build.0 = Release|x64
		{D539FD2A-B52D-4481-9D1E-94502CB376DE}.Release|x86.ActiveCfg = Release|Win32
		{D539FD2A-B52D-4481-9D1E-94502CB376DE}.Release|x86.Build.0 = Release|Win32
		{650DA429-FE22-4F09-A044-CF056474AE33}.Debug|x64.ActiveCfg = Debug|x64
		{650DA429-FE22-4F09-A044-CF056474AE33}.Debug|x64.Build.0 = Debug|x64
		{650DA429-FE22-4F09-A044-CF056474AE33}.Debug|x86.ActiveCfg = Debug|Win32
		{650DA429-FE22-4F09-A044-CF056474AE33}.Debug|x86.Build.0 = Debug|Win32
		{650DA429-FE22-4F09-A044-CF056474AE33}.Release|x64.ActiveCfg = Release|x64
		{650DA429-FE22-4F09-A044-CF056474AE33}.Release|x64.Build.0 = Release|x64
		{650DA429-FE22-4F09-A044-CF056474AE33}.Release|x86.ActiveCfg = Release|Win32
		{650DA429-FE22-4F09-A044-CF056474AE33}.Release|x86.Build.0 = Release|Win32
	EndGlobalSection
	GlobalSection(SolutionProperties) = preSolution
		HideSolutionNode = FALSE
	EndGlobalSection
	GlobalSection(ExtensibilityGlobals) = postSolution
		SolutionGuid = {01854064-EB55-4B4F-9692-CF7E80D8BEA5}
	EndGlobalSection
EndGlobal
